
Microsoft Visual Studio Solution File, Format Version 12.00
# Visual Studio Version 17
VisualStudioVersion = 17.14.36327.8
MinimumVisualStudioVersion = 10.0.40219.1
Project("{FAE04EC0-301F-11D3-BF4B-00C04F79EFBC}") = "SinglePageApplication", "SinglePageApplication\SinglePageApplication.csproj", "{7456D63E-5C73-411E-A110-A8457AA6D23C}"
EndProject
Project("{FAE04EC0-301F-11D3-BF4B-00C04F79EFBC}") = "ResponseFramework", "ResponseFramework\ResponseFramework.csproj", "{4F79759A-A3B8-DBCC-3E57-51293D102196}"
EndProject
Global
	GlobalSection(SolutionConfigurationPlatforms) = preSolution
		Debug|Any CPU = Debug|Any CPU
		Release|Any CPU = Release|Any CPU
	EndGlobalSection
	GlobalSection(ProjectConfigurationPlatforms) = postSolution
		{7456D63E-5C73-411E-A110-A8457AA6D23C}.Debug|Any CPU.ActiveCfg = Debug|Any CPU
		{7456D63E-5C73-411E-A110-A8457AA6D23C}.Debug|Any CPU.Build.0 = Debug|Any CPU
		{7456D63E-5C73-411E-A110-A8457AA6D23C}.Release|Any CPU.ActiveCfg = Release|Any CPU
		{7456D63E-5C73-411E-A110-A8457AA6D23C}.Release|Any CPU.Build.0 = Release|Any CPU
		{4F79759A-A3B8-DBCC-3E57-51293D102196}.Debug|Any CPU.ActiveCfg = Debug|Any CPU
		{4F79759A-A3B8-DBCC-3E57-51293D102196}.Debug|Any CPU.Build.0 = Debug|Any CPU
		{4F79759A-A3B8-DBCC-3E57-51293D102196}.Release|Any CPU.ActiveCfg = Release|Any CPU
		{4F79759A-A3B8-DBCC-3E57-51293D102196}.Release|Any CPU.Build.0 = Release|Any CPU
	EndGlobalSection
	GlobalSection(SolutionProperties) = preSolution
		HideSolutionNode = FALSE
	EndGlobalSection
	GlobalSection(ExtensibilityGlobals) = postSolution
		SolutionGuid = {919B727E-01EA-4278-8B82-7E399E551CF3}
	EndGlobalSection
EndGlobal
